
Microsoft Visual Studio Solution File, Format Version 12.00
# Visual Studio Version 17
VisualStudioVersion = 17.5.33530.505
MinimumVisualStudioVersion = 10.0.40219.1
Project("{9A19103F-16F7-4668-BE54-9A1E7A4F7556}") = "TravelAgencyManagementAPI", "Travel_Agent_API\TravelAgencyManagementAPI.csproj", "{29C43196-16A6-4FE8-A597-0630C2A48900}"
EndProject
Project("{9A19103F-16F7-4668-BE54-9A1E7A4F7556}") = "TourManagementAPI", "Tourist_Places_API\TourManagementAPI.csproj", "{D9C7DF6A-1AA6-4D02-9B68-DE012FBD506F}"
EndProject
Project("{9A19103F-16F7-4668-BE54-9A1E7A4F7556}") = "UserManagementAPI", "User_API\UserManagementAPI.csproj", "{FB9AAAFB-93F3-4361-913B-EAAED65CD570}"
EndProject
Project("{9A19103F-16F7-4668-BE54-9A1E7A4F7556}") = "HotelManagementAPI", "Hotels_API\HotelManagementAPI.csproj", "{F1E833D3-8616-4174-9246-99774EC35C9D}"
EndProject
Project("{FAE04EC0-301F-11D3-BF4B-00C04F79EFBC}") = "HotelApiTesting", "HotelApiTesting\HotelApiTesting.csproj", "{C86D8D18-2F7F-4952-832E-31103B611E7F}"
EndProject
Project("{FAE04EC0-301F-11D3-BF4B-00C04F79EFBC}") = "TourManagementApiTesting", "TourManagementApiTesting\TourManagementApiTesting.csproj", "{91BC7F47-6655-443A-9A64-5EC4B2526A45}"
EndProject
Project("{FAE04EC0-301F-11D3-BF4B-00C04F79EFBC}") = "TravelAgentsControllerUnitTest", "TravelAgencyAPITesting\TravelAgentsControllerUnitTest.csproj", "{D7726F3A-B6C3-4ADE-BF45-09EBDA84C9AF}"
EndProject
Project("{FAE04EC0-301F-11D3-BF4B-00C04F79EFBC}") = "UserManagementApiTesting", "UserManagementApiTesting\UserManagementApiTesting.csproj", "{4DA41F18-5C4D-46A8-BE9D-2BF2015B4928}"
EndProject
Global
	GlobalSection(SolutionConfigurationPlatforms) = preSolution
		Debug|Any CPU = Debug|Any CPU
		Release|Any CPU = Release|Any CPU
	EndGlobalSection
	GlobalSection(ProjectConfigurationPlatforms) = postSolution
		{29C43196-16A6-4FE8-A597-0630C2A48900}.Debug|Any CPU.ActiveCfg = Debug|Any CPU
		{29C43196-16A6-4FE8-A597-0630C2A48900}.Debug|Any CPU.Build.0 = Debug|Any CPU
		{29C43196-16A6-4FE8-A597-0630C2A48900}.Release|Any CPU.ActiveCfg = Release|Any CPU
		{29C43196-16A6-4FE8-A597-0630C2A48900}.Release|Any CPU.Build.0 = Release|Any CPU
		{D9C7DF6A-1AA6-4D02-9B68-DE012FBD506F}.Debug|Any CPU.ActiveCfg = Debug|Any CPU
		{D9C7DF6A-1AA6-4D02-9B68-DE012FBD506F}.Debug|Any CPU.Build.0 = Debug|Any CPU
		{D9C7DF6A-1AA6-4D02-9B68-DE012FBD506F}.Release|Any CPU.ActiveCfg = Release|Any CPU
		{D9C7DF6A-1AA6-4D02-9B68-DE012FBD506F}.Release|Any CPU.Build.0 = Release|Any CPU
		{FB9AAAFB-93F3-4361-913B-EAAED65CD570}.Debug|Any CPU.ActiveCfg = Debug|Any CPU
		{FB9AAAFB-93F3-4361-913B-EAAED65CD570}.Debug|Any CPU.Build.0 = Debug|Any CPU
		{FB9AAAFB-93F3-4361-913B-EAAED65CD570}.Release|Any CPU.ActiveCfg = Release|Any CPU
		{FB9AAAFB-93F3-4361-913B-EAAED65CD570}.Release|Any CPU.Build.0 = Release|Any CPU
		{F1E833D3-8616-4174-9246-99774EC35C9D}.Debug|Any CPU.ActiveCfg = Debug|Any CPU
		{F1E833D3-8616-4174-9246-99774EC35C9D}.Debug|Any CPU.Build.0 = Debug|Any CPU
		{F1E833D3-8616-4174-9246-99774EC35C9D}.Release|Any CPU.ActiveCfg = Release|Any CPU
		{F1E833D3-8616-4174-9246-99774EC35C9D}.Release|Any CPU.Build.0 = Release|Any CPU
		{C86D8D18-2F7F-4952-832E-31103B611E7F}.Debug|Any CPU.ActiveCfg = Debug|Any CPU
		{C86D8D18-2F7F-4952-832E-31103B611E7F}.Debug|Any CPU.Build.0 = Debug|Any CPU
		{C86D8D18-2F7F-4952-832E-31103B611E7F}.Release|Any CPU.ActiveCfg = Release|Any CPU
		{C86D8D18-2F7F-4952-832E-31103B611E7F}.Release|Any CPU.Build.0 = Release|Any CPU
		{91BC7F47-6655-443A-9A64-5EC4B2526A45}.Debug|Any CPU.ActiveCfg = Debug|Any CPU
		{91BC7F47-6655-443A-9A64-5EC4B2526A45}.Debug|Any CPU.Build.0 = Debug|Any CPU
		{91BC7F47-6655-443A-9A64-5EC4B2526A45}.Release|Any CPU.ActiveCfg = Release|Any CPU
		{91BC7F47-6655-443A-9A64-5EC4B2526A45}.Release|Any CPU.Build.0 = Release|Any CPU
		{D7726F3A-B6C3-4ADE-BF45-09EBDA84C9AF}.Debug|Any CPU.ActiveCfg = Debug|Any CPU
		{D7726F3A-B6C3-4ADE-BF45-09EBDA84C9AF}.Debug|Any CPU.Build.0 = Debug|Any CPU
		{D7726F3A-B6C3-4ADE-BF45-09EBDA84C9AF}.Release|Any CPU.ActiveCfg = Release|Any CPU
		{D7726F3A-B6C3-4ADE-BF45-09EBDA84C9AF}.Release|Any CPU.Build.0 = Release|Any CPU
		{4DA41F18-5C4D-46A8-BE9D-2BF2015B4928}.Debug|Any CPU.ActiveCfg = Debug|Any CPU
		{4DA41F18-5C4D-46A8-BE9D-2BF2015B4928}.Debug|Any CPU.Build.0 = Debug|Any CPU
		{4DA41F18-5C4D-46A8-BE9D-2BF2015B4928}.Release|Any CPU.ActiveCfg = Release|Any CPU
		{4DA41F18-5C4D-46A8-BE9D-2BF2015B4928}.Release|Any CPU.Build.0 = Release|Any CPU
	EndGlobalSection
	GlobalSection(SolutionProperties) = preSolution
		HideSolutionNode = FALSE
	EndGlobalSection
	GlobalSection(ExtensibilityGlobals) = postSolution
		SolutionGuid = {BE5C8FAF-5E4D-4CD3-9E9B-C253174CE6F1}
	EndGlobalSection
EndGlobal
